// !$*UTF8*$!
{
	archiveVersion = 1;
	classes = {
	};
	objectVersion = 46;
	objects = {

/* Begin PBXBuildFile section */
		FD638D8F1811CC7200B07D0A /* Foundation.framework in Frameworks */ = {isa = PBXBuildFile; fileRef = FD638D8E1811CC7200B07D0A /* Foundation.framework */; };
		FD638D911811CC7200B07D0A /* CoreGraphics.framework in Frameworks */ = {isa = PBXBuildFile; fileRef = FD638D901811CC7200B07D0A /* CoreGraphics.framework */; };
		FD638D931811CC7200B07D0A /* UIKit.framework in Frameworks */ = {isa = PBXBuildFile; fileRef = FD638D921811CC7200B07D0A /* UIKit.framework */; };
		FD638D991811CC7200B07D0A /* InfoPlist.strings in Resources */ = {isa = PBXBuildFile; fileRef = FD638D971811CC7200B07D0A /* InfoPlist.strings */; };
		FD638D9B1811CC7200B07D0A /* main.m in Sources */ = {isa = PBXBuildFile; fileRef = FD638D9A1811CC7200B07D0A /* main.m */; };
		FD638D9F1811CC7200B07D0A /* AppDelegate.m in Sources */ = {isa = PBXBuildFile; fileRef = FD638D9E1811CC7200B07D0A /* AppDelegate.m */; };
		FD638DA21811CC7300B07D0A /* Main.storyboard in Resources */ = {isa = PBXBuildFile; fileRef = FD638DA01811CC7200B07D0A /* Main.storyboard */; };
		FD638DA51811CC7300B07D0A /* ViewController.m in Sources */ = {isa = PBXBuildFile; fileRef = FD638DA41811CC7300B07D0A /* ViewController.m */; };
		FD638DA71811CC7300B07D0A /* Images.xcassets in Resources */ = {isa = PBXBuildFile; fileRef = FD638DA61811CC7300B07D0A /* Images.xcassets */; };
		FD638DAE1811CC7300B07D0A /* XCTest.framework in Frameworks */ = {isa = PBXBuildFile; fileRef = FD638DAD1811CC7300B07D0A /* XCTest.framework */; };
		FD638DAF1811CC7300B07D0A /* Foundation.framework in Frameworks */ = {isa = PBXBuildFile; fileRef = FD638D8E1811CC7200B07D0A /* Foundation.framework */; };
		FD638DB01811CC7300B07D0A /* UIKit.framework in Frameworks */ = {isa = PBXBuildFile; fileRef = FD638D921811CC7200B07D0A /* UIKit.framework */; };
		FD638DB81811CC7300B07D0A /* InfoPlist.strings in Resources */ = {isa = PBXBuildFile; fileRef = FD638DB61811CC7300B07D0A /* InfoPlist.strings */; };
		FD638DBA1811CC7300B07D0A /* Meal_WheelTests.m in Sources */ = {isa = PBXBuildFile; fileRef = FD638DB91811CC7300B07D0A /* Meal_WheelTests.m */; };
		FD638DC71811CDBD00B07D0A /* iCarousel.m in Sources */ = {isa = PBXBuildFile; fileRef = FD638DC61811CDBD00B07D0A /* iCarousel.m */; };
		FD638DC91811CF6900B07D0A /* QuartzCore.framework in Frameworks */ = {isa = PBXBuildFile; fileRef = FD638DC81811CF6900B07D0A /* QuartzCore.framework */; };
		FD638DE21811D99B00B07D0A /* 4.jpg in Resources */ = {isa = PBXBuildFile; fileRef = FD638DDB1811D99B00B07D0A /* 4.jpg */; };
		FD638DE31811D99B00B07D0A /* 5.jpg in Resources */ = {isa = PBXBuildFile; fileRef = FD638DDC1811D99B00B07D0A /* 5.jpg */; };
		FD638DE41811D99B00B07D0A /* 6.jpg in Resources */ = {isa = PBXBuildFile; fileRef = FD638DDD1811D99B00B07D0A /* 6.jpg */; };
		FD638DE51811D99B00B07D0A /* 2.jpg in Resources */ = {isa = PBXBuildFile; fileRef = FD638DDE1811D99B00B07D0A /* 2.jpg */; };
		FD638DE61811D99B00B07D0A /* 3.jpg in Resources */ = {isa = PBXBuildFile; fileRef = FD638DDF1811D99B00B07D0A /* 3.jpg */; };
		FD638DE71811D99B00B07D0A /* 1.jpg in Resources */ = {isa = PBXBuildFile; fileRef = FD638DE01811D99B00B07D0A /* 1.jpg */; };
		FD638DE81811D99B00B07D0A /* 7.jpg in Resources */ = {isa = PBXBuildFile; fileRef = FD638DE11811D99B00B07D0A /* 7.jpg */; };
/* End PBXBuildFile section */

/* Begin PBXContainerItemProxy section */
		FD638DB11811CC7300B07D0A /* PBXContainerItemProxy */ = {
			isa = PBXContainerItemProxy;
			containerPortal = FD638D831811CC7200B07D0A /* Project object */;
			proxyType = 1;
			remoteGlobalIDString = FD638D8A1811CC7200B07D0A;
			remoteInfo = "Meal Wheel";
		};
/* End PBXContainerItemProxy section */

/* Begin PBXFileReference section */
		FD638D8B1811CC7200B07D0A /* Meal Wheel.app */ = {isa = PBXFileReference; explicitFileType = wrapper.application; includeInIndex = 0; path = "Meal Wheel.app"; sourceTree = BUILT_PRODUCTS_DIR; };
		FD638D8E1811CC7200B07D0A /* Foundation.framework */ = {isa = PBXFileReference; lastKnownFileType = wrapper.framework; name = Foundation.framework; path = System/Library/Frameworks/Foundation.framework; sourceTree = SDKROOT; };
		FD638D901811CC7200B07D0A /* CoreGraphics.framework */ = {isa = PBXFileReference; lastKnownFileType = wrapper.framework; name = CoreGraphics.framework; path = System/Library/Frameworks/CoreGraphics.framework; sourceTree = SDKROOT; };
		FD638D921811CC7200B07D0A /* UIKit.framework */ = {isa = PBXFileReference; lastKnownFileType = wrapper.framework; name = UIKit.framework; path = System/Library/Frameworks/UIKit.framework; sourceTree = SDKROOT; };
		FD638D961811CC7200B07D0A /* Meal Wheel-Info.plist */ = {isa = PBXFileReference; lastKnownFileType = text.plist.xml; path = "Meal Wheel-Info.plist"; sourceTree = "<group>"; };
		FD638D981811CC7200B07D0A /* en */ = {isa = PBXFileReference; lastKnownFileType = text.plist.strings; name = en; path = en.lproj/InfoPlist.strings; sourceTree = "<group>"; };
		FD638D9A1811CC7200B07D0A /* main.m */ = {isa = PBXFileReference; lastKnownFileType = sourcecode.c.objc; path = main.m; sourceTree = "<group>"; };
		FD638D9C1811CC7200B07D0A /* Meal Wheel-Prefix.pch */ = {isa = PBXFileReference; lastKnownFileType = sourcecode.c.h; path = "Meal Wheel-Prefix.pch"; sourceTree = "<group>"; };
		FD638D9D1811CC7200B07D0A /* AppDelegate.h */ = {isa = PBXFileReference; lastKnownFileType = sourcecode.c.h; path = AppDelegate.h; sourceTree = "<group>"; };
		FD638D9E1811CC7200B07D0A /* AppDelegate.m */ = {isa = PBXFileReference; lastKnownFileType = sourcecode.c.objc; path = AppDelegate.m; sourceTree = "<group>"; };
		FD638DA11811CC7200B07D0A /* Base */ = {isa = PBXFileReference; lastKnownFileType = file.storyboard; name = Base; path = Base.lproj/Main.storyboard; sourceTree = "<group>"; };
		FD638DA31811CC7300B07D0A /* ViewController.h */ = {isa = PBXFileReference; lastKnownFileType = sourcecode.c.h; path = ViewController.h; sourceTree = "<group>"; };
		FD638DA41811CC7300B07D0A /* ViewController.m */ = {isa = PBXFileReference; lastKnownFileType = sourcecode.c.objc; path = ViewController.m; sourceTree = "<group>"; };
		FD638DA61811CC7300B07D0A /* Images.xcassets */ = {isa = PBXFileReference; lastKnownFileType = folder.assetcatalog; path = Images.xcassets; sourceTree = "<group>"; };
		FD638DAC1811CC7300B07D0A /* Meal WheelTests.xctest */ = {isa = PBXFileReference; explicitFileType = wrapper.cfbundle; includeInIndex = 0; path = "Meal WheelTests.xctest"; sourceTree = BUILT_PRODUCTS_DIR; };
		FD638DAD1811CC7300B07D0A /* XCTest.framework */ = {isa = PBXFileReference; lastKnownFileType = wrapper.framework; name = XCTest.framework; path = Library/Frameworks/XCTest.framework; sourceTree = DEVELOPER_DIR; };
		FD638DB51811CC7300B07D0A /* Meal WheelTests-Info.plist */ = {isa = PBXFileReference; lastKnownFileType = text.plist.xml; path = "Meal WheelTests-Info.plist"; sourceTree = "<group>"; };
		FD638DB71811CC7300B07D0A /* en */ = {isa = PBXFileReference; lastKnownFileType = text.plist.strings; name = en; path = en.lproj/InfoPlist.strings; sourceTree = "<group>"; };
		FD638DB91811CC7300B07D0A /* Meal_WheelTests.m */ = {isa = PBXFileReference; lastKnownFileType = sourcecode.c.objc; path = Meal_WheelTests.m; sourceTree = "<group>"; };
		FD638DC51811CDBD00B07D0A /* iCarousel.h */ = {isa = PBXFileReference; fileEncoding = 4; lastKnownFileType = sourcecode.c.h; path = iCarousel.h; sourceTree = "<group>"; };
		FD638DC61811CDBD00B07D0A /* iCarousel.m */ = {isa = PBXFileReference; fileEncoding = 4; lastKnownFileType = sourcecode.c.objc; path = iCarousel.m; sourceTree = "<group>"; };
		FD638DC81811CF6900B07D0A /* QuartzCore.framework */ = {isa = PBXFileReference; lastKnownFileType = wrapper.framework; name = QuartzCore.framework; path = System/Library/Frameworks/QuartzCore.framework; sourceTree = SDKROOT; };
		FD638DDB1811D99B00B07D0A /* 4.jpg */ = {isa = PBXFileReference; lastKnownFileType = image.jpeg; path = 4.jpg; sourceTree = "<group>"; };
		FD638DDC1811D99B00B07D0A /* 5.jpg */ = {isa = PBXFileReference; lastKnownFileType = image.jpeg; path = 5.jpg; sourceTree = "<group>"; };
		FD638DDD1811D99B00B07D0A /* 6.jpg */ = {isa = PBXFileReference; lastKnownFileType = image.jpeg; path = 6.jpg; sourceTree = "<group>"; };
		FD638DDE1811D99B00B07D0A /* 2.jpg */ = {isa = PBXFileReference; lastKnownFileType = image.jpeg; path = 2.jpg; sourceTree = "<group>"; };
		FD638DDF1811D99B00B07D0A /* 3.jpg */ = {isa = PBXFileReference; lastKnownFileType = image.jpeg; path = 3.jpg; sourceTree = "<group>"; };
		FD638DE01811D99B00B07D0A /* 1.jpg */ = {isa = PBXFileReference; lastKnownFileType = image.jpeg; path = 1.jpg; sourceTree = "<group>"; };
		FD638DE11811D99B00B07D0A /* 7.jpg */ = {isa = PBXFileReference; lastKnownFileType = image.jpeg; path = 7.jpg; sourceTree = "<group>"; };
/* End PBXFileReference section */

/* Begin PBXFrameworksBuildPhase section */
		FD638D881811CC7200B07D0A /* Frameworks */ = {
			isa = PBXFrameworksBuildPhase;
			buildActionMask = 2147483647;
			files = (
				FD638DC91811CF6900B07D0A /* QuartzCore.framework in Frameworks */,
				FD638D911811CC7200B07D0A /* CoreGraphics.framework in Frameworks */,
				FD638D931811CC7200B07D0A /* UIKit.framework in Frameworks */,
				FD638D8F1811CC7200B07D0A /* Foundation.framework in Frameworks */,
			);
			runOnlyForDeploymentPostprocessing = 0;
		};
		FD638DA91811CC7300B07D0A /* Frameworks */ = {
			isa = PBXFrameworksBuildPhase;
			buildActionMask = 2147483647;
			files = (
				FD638DAE1811CC7300B07D0A /* XCTest.framework in Frameworks */,
				FD638DB01811CC7300B07D0A /* UIKit.framework in Frameworks */,
				FD638DAF1811CC7300B07D0A /* Foundation.framework in Frameworks */,
			);
			runOnlyForDeploymentPostprocessing = 0;
		};
/* End PBXFrameworksBuildPhase section */

/* Begin PBXGroup section */
		FD638D821811CC7200B07D0A = {
			isa = PBXGroup;
			children = (
				FD638D941811CC7200B07D0A /* Meal Wheel */,
				FD638DB31811CC7300B07D0A /* Meal WheelTests */,
				FD638D8D1811CC7200B07D0A /* Frameworks */,
				FD638D8C1811CC7200B07D0A /* Products */,
			);
			sourceTree = "<group>";
		};
		FD638D8C1811CC7200B07D0A /* Products */ = {
			isa = PBXGroup;
			children = (
				FD638D8B1811CC7200B07D0A /* Meal Wheel.app */,
				FD638DAC1811CC7300B07D0A /* Meal WheelTests.xctest */,
			);
			name = Products;
			sourceTree = "<group>";
		};
		FD638D8D1811CC7200B07D0A /* Frameworks */ = {
			isa = PBXGroup;
			children = (
				FD638DC81811CF6900B07D0A /* QuartzCore.framework */,
				FD638D8E1811CC7200B07D0A /* Foundation.framework */,
				FD638D901811CC7200B07D0A /* CoreGraphics.framework */,
				FD638D921811CC7200B07D0A /* UIKit.framework */,
				FD638DAD1811CC7300B07D0A /* XCTest.framework */,
			);
			name = Frameworks;
			sourceTree = "<group>";
		};
		FD638D941811CC7200B07D0A /* Meal Wheel */ = {
			isa = PBXGroup;
			children = (
				FD638D9D1811CC7200B07D0A /* AppDelegate.h */,
				FD638D9E1811CC7200B07D0A /* AppDelegate.m */,
				FD638DA01811CC7200B07D0A /* Main.storyboard */,
				FD638DA31811CC7300B07D0A /* ViewController.h */,
				FD638DA41811CC7300B07D0A /* ViewController.m */,
				FD638DA61811CC7300B07D0A /* Images.xcassets */,
				FD638DCA1811D42100B07D0A /* images */,
				FD638DC31811CDAA00B07D0A /* Libraries */,
				FD638D951811CC7200B07D0A /* Supporting Files */,
			);
			path = "Meal Wheel";
			sourceTree = "<group>";
		};
		FD638D951811CC7200B07D0A /* Supporting Files */ = {
			isa = PBXGroup;
			children = (
				FD638D961811CC7200B07D0A /* Meal Wheel-Info.plist */,
				FD638D971811CC7200B07D0A /* InfoPlist.strings */,
				FD638D9A1811CC7200B07D0A /* main.m */,
				FD638D9C1811CC7200B07D0A /* Meal Wheel-Prefix.pch */,
			);
			name = "Supporting Files";
			sourceTree = "<group>";
		};
		FD638DB31811CC7300B07D0A /* Meal WheelTests */ = {
			isa = PBXGroup;
			children = (
				FD638DB91811CC7300B07D0A /* Meal_WheelTests.m */,
				FD638DB41811CC7300B07D0A /* Supporting Files */,
			);
			path = "Meal WheelTests";
			sourceTree = "<group>";
		};
		FD638DB41811CC7300B07D0A /* Supporting Files */ = {
			isa = PBXGroup;
			children = (
				FD638DB51811CC7300B07D0A /* Meal WheelTests-Info.plist */,
				FD638DB61811CC7300B07D0A /* InfoPlist.strings */,
			);
			name = "Supporting Files";
			sourceTree = "<group>";
		};
		FD638DC31811CDAA00B07D0A /* Libraries */ = {
			isa = PBXGroup;
			children = (
				FD638DC41811CDBD00B07D0A /* iCarousel */,
			);
			name = Libraries;
			path = ..;
			sourceTree = "<group>";
		};
		FD638DC41811CDBD00B07D0A /* iCarousel */ = {
			isa = PBXGroup;
			children = (
				FD638DC51811CDBD00B07D0A /* iCarousel.h */,
				FD638DC61811CDBD00B07D0A /* iCarousel.m */,
			);
			name = iCarousel;
			path = "Meal Wheel/iCarousel";
			sourceTree = "<group>";
		};
		FD638DCA1811D42100B07D0A /* images */ = {
			isa = PBXGroup;
			children = (
				FD638DDB1811D99B00B07D0A /* 4.jpg */,
				FD638DDC1811D99B00B07D0A /* 5.jpg */,
				FD638DDD1811D99B00B07D0A /* 6.jpg */,
				FD638DDE1811D99B00B07D0A /* 2.jpg */,
				FD638DDF1811D99B00B07D0A /* 3.jpg */,
				FD638DE01811D99B00B07D0A /* 1.jpg */,
				FD638DE11811D99B00B07D0A /* 7.jpg */,
			);
			path = images;
			sourceTree = "<group>";
		};
/* End PBXGroup section */

/* Begin PBXNativeTarget section */
		FD638D8A1811CC7200B07D0A /* Meal Wheel */ = {
			isa = PBXNativeTarget;
			buildConfigurationList = FD638DBD1811CC7300B07D0A /* Build configuration list for PBXNativeTarget "Meal Wheel" */;
			buildPhases = (
				FD638D871811CC7200B07D0A /* Sources */,
				FD638D881811CC7200B07D0A /* Frameworks */,
				FD638D891811CC7200B07D0A /* Resources */,
			);
			buildRules = (
			);
			dependencies = (
			);
			name = "Meal Wheel";
			productName = "Meal Wheel";
			productReference = FD638D8B1811CC7200B07D0A /* Meal Wheel.app */;
			productType = "com.apple.product-type.application";
		};
		FD638DAB1811CC7300B07D0A /* Meal WheelTests */ = {
			isa = PBXNativeTarget;
			buildConfigurationList = FD638DC01811CC7300B07D0A /* Build configuration list for PBXNativeTarget "Meal WheelTests" */;
			buildPhases = (
				FD638DA81811CC7300B07D0A /* Sources */,
				FD638DA91811CC7300B07D0A /* Frameworks */,
				FD638DAA1811CC7300B07D0A /* Resources */,
			);
			buildRules = (
			);
			dependencies = (
				FD638DB21811CC7300B07D0A /* PBXTargetDependency */,
			);
			name = "Meal WheelTests";
			productName = "Meal WheelTests";
			productReference = FD638DAC1811CC7300B07D0A /* Meal WheelTests.xctest */;
			productType = "com.apple.product-type.bundle.unit-test";
		};
/* End PBXNativeTarget section */

/* Begin PBXProject section */
		FD638D831811CC7200B07D0A /* Project object */ = {
			isa = PBXProject;
			attributes = {
				LastUpgradeCheck = 0500;
				ORGANIZATIONNAME = "Freed-Hardeman University";
				TargetAttributes = {
					FD638DAB1811CC7300B07D0A = {
						TestTargetID = FD638D8A1811CC7200B07D0A;
					};
				};
			};
			buildConfigurationList = FD638D861811CC7200B07D0A /* Build configuration list for PBXProject "Meal Wheel" */;
			compatibilityVersion = "Xcode 3.2";
			developmentRegion = English;
			hasScannedForEncodings = 0;
			knownRegions = (
				en,
				Base,
			);
			mainGroup = FD638D821811CC7200B07D0A;
			productRefGroup = FD638D8C1811CC7200B07D0A /* Products */;
			projectDirPath = "";
			projectRoot = "";
			targets = (
				FD638D8A1811CC7200B07D0A /* Meal Wheel */,
				FD638DAB1811CC7300B07D0A /* Meal WheelTests */,
			);
		};
/* End PBXProject section */

/* Begin PBXResourcesBuildPhase section */
		FD638D891811CC7200B07D0A /* Resources */ = {
			isa = PBXResourcesBuildPhase;
			buildActionMask = 2147483647;
			files = (
				FD638DE41811D99B00B07D0A /* 6.jpg in Resources */,
				FD638DE21811D99B00B07D0A /* 4.jpg in Resources */,
				FD638DE51811D99B00B07D0A /* 2.jpg in Resources */,
				FD638DE31811D99B00B07D0A /* 5.jpg in Resources */,
				FD638DA71811CC7300B07D0A /* Images.xcassets in Resources */,
				FD638D991811CC7200B07D0A /* InfoPlist.strings in Resources */,
				FD638DE71811D99B00B07D0A /* 1.jpg in Resources */,
				FD638DE81811D99B00B07D0A /* 7.jpg in Resources */,
				FD638DA21811CC7300B07D0A /* Main.storyboard in Resources */,
				FD638DE61811D99B00B07D0A /* 3.jpg in Resources */,
			);
			runOnlyForDeploymentPostprocessing = 0;
		};
		FD638DAA1811CC7300B07D0A /* Resources */ = {
			isa = PBXResourcesBuildPhase;
			buildActionMask = 2147483647;
			files = (
				FD638DB81811CC7300B07D0A /* InfoPlist.strings in Resources */,
			);
			runOnlyForDeploymentPostprocessing = 0;
		};
/* End PBXResourcesBuildPhase section */

/* Begin PBXSourcesBuildPhase section */
		FD638D871811CC7200B07D0A /* Sources */ = {
			isa = PBXSourcesBuildPhase;
			buildActionMask = 2147483647;
			files = (
				FD638DA51811CC7300B07D0A /* ViewController.m in Sources */,
				FD638DC71811CDBD00B07D0A /* iCarousel.m in Sources */,
				FD638D9F1811CC7200B07D0A /* AppDelegate.m in Sources */,
				FD638D9B1811CC7200B07D0A /* main.m in Sources */,
			);
			runOnlyForDeploymentPostprocessing = 0;
		};
		FD638DA81811CC7300B07D0A /* Sources */ = {
			isa = PBXSourcesBuildPhase;
			buildActionMask = 2147483647;
			files = (
				FD638DBA1811CC7300B07D0A /* Meal_WheelTests.m in Sources */,
			);
			runOnlyForDeploymentPostprocessing = 0;
		};
/* End PBXSourcesBuildPhase section */

/* Begin PBXTargetDependency section */
		FD638DB21811CC7300B07D0A /* PBXTargetDependency */ = {
			isa = PBXTargetDependency;
			target = FD638D8A1811CC7200B07D0A /* Meal Wheel */;
			targetProxy = FD638DB11811CC7300B07D0A /* PBXContainerItemProxy */;
		};
/* End PBXTargetDependency section */

/* Begin PBXVariantGroup section */
		FD638D971811CC7200B07D0A /* InfoPlist.strings */ = {
			isa = PBXVariantGroup;
			children = (
				FD638D981811CC7200B07D0A /* en */,
			);
			name = InfoPlist.strings;
			sourceTree = "<group>";
		};
		FD638DA01811CC7200B07D0A /* Main.storyboard */ = {
			isa = PBXVariantGroup;
			children = (
				FD638DA11811CC7200B07D0A /* Base */,
			);
			name = Main.storyboard;
			sourceTree = "<group>";
		};
		FD638DB61811CC7300B07D0A /* InfoPlist.strings */ = {
			isa = PBXVariantGroup;
			children = (
				FD638DB71811CC7300B07D0A /* en */,
			);
			name = InfoPlist.strings;
			sourceTree = "<group>";
		};
/* End PBXVariantGroup section */

/* Begin XCBuildConfiguration section */
		FD638DBB1811CC7300B07D0A /* Debug */ = {
			isa = XCBuildConfiguration;
			buildSettings = {
				ALWAYS_SEARCH_USER_PATHS = NO;
				ARCHS = "$(ARCHS_STANDARD_INCLUDING_64_BIT)";
				CLANG_CXX_LANGUAGE_STANDARD = "gnu++0x";
				CLANG_CXX_LIBRARY = "libc++";
				CLANG_ENABLE_MODULES = YES;
				CLANG_ENABLE_OBJC_ARC = YES;
				CLANG_WARN_BOOL_CONVERSION = YES;
				CLANG_WARN_CONSTANT_CONVERSION = YES;
				CLANG_WARN_DIRECT_OBJC_ISA_USAGE = YES_ERROR;
				CLANG_WARN_EMPTY_BODY = YES;
				CLANG_WARN_ENUM_CONVERSION = YES;
				CLANG_WARN_INT_CONVERSION = YES;
				CLANG_WARN_OBJC_ROOT_CLASS = YES_ERROR;
				CLANG_WARN__DUPLICATE_METHOD_MATCH = YES;
				"CODE_SIGN_IDENTITY[sdk=iphoneos*]" = "iPhone Developer";
				COPY_PHASE_STRIP = NO;
				GCC_C_LANGUAGE_STANDARD = gnu99;
				GCC_DYNAMIC_NO_PIC = NO;
				GCC_OPTIMIZATION_LEVEL = 0;
				GCC_PREPROCESSOR_DEFINITIONS = (
					"DEBUG=1",
					"$(inherited)",
				);
				GCC_SYMBOLS_PRIVATE_EXTERN = NO;
				GCC_WARN_64_TO_32_BIT_CONVERSION = YES;
				GCC_WARN_ABOUT_RETURN_TYPE = YES_ERROR;
				GCC_WARN_UNDECLARED_SELECTOR = YES;
				GCC_WARN_UNINITIALIZED_AUTOS = YES;
				GCC_WARN_UNUSED_FUNCTION = YES;
				GCC_WARN_UNUSED_VARIABLE = YES;
				IPHONEOS_DEPLOYMENT_TARGET = 7.0;
				ONLY_ACTIVE_ARCH = YES;
				SDKROOT = iphoneos;
			};
			name = Debug;
		};
		FD638DBC1811CC7300B07D0A /* Release */ = {
			isa = XCBuildConfiguration;
			buildSettings = {
				ALWAYS_SEARCH_USER_PATHS = NO;
				ARCHS = "$(ARCHS_STANDARD_INCLUDING_64_BIT)";
				CLANG_CXX_LANGUAGE_STANDARD = "gnu++0x";
				CLANG_CXX_LIBRARY = "libc++";
				CLANG_ENABLE_MODULES = YES;
				CLANG_ENABLE_OBJC_ARC = YES;
				CLANG_WARN_BOOL_CONVERSION = YES;
				CLANG_WARN_CONSTANT_CONVERSION = YES;
				CLANG_WARN_DIRECT_OBJC_ISA_USAGE = YES_ERROR;
				CLANG_WARN_EMPTY_BODY = YES;
				CLANG_WARN_ENUM_CONVERSION = YES;
				CLANG_WARN_INT_CONVERSION = YES;
				CLANG_WARN_OBJC_ROOT_CLASS = YES_ERROR;
				CLANG_WARN__DUPLICATE_METHOD_MATCH = YES;
				"CODE_SIGN_IDENTITY[sdk=iphoneos*]" = "iPhone Developer";
				COPY_PHASE_STRIP = YES;
				ENABLE_NS_ASSERTIONS = NO;
				GCC_C_LANGUAGE_STANDARD = gnu99;
				GCC_WARN_64_TO_32_BIT_CONVERSION = YES;
				GCC_WARN_ABOUT_RETURN_TYPE = YES_ERROR;
				GCC_WARN_UNDECLARED_SELECTOR = YES;
				GCC_WARN_UNINITIALIZED_AUTOS = YES;
				GCC_WARN_UNUSED_FUNCTION = YES;
				GCC_WARN_UNUSED_VARIABLE = YES;
				IPHONEOS_DEPLOYMENT_TARGET = 7.0;
				SDKROOT = iphoneos;
				VALIDATE_PRODUCT = YES;
			};
			name = Release;
		};
		FD638DBE1811CC7300B07D0A /* Debug */ = {
			isa = XCBuildConfiguration;
			buildSettings = {
				ASSETCATALOG_COMPILER_APPICON_NAME = AppIcon;
				ASSETCATALOG_COMPILER_LAUNCHIMAGE_NAME = LaunchImage;
				GCC_PRECOMPILE_PREFIX_HEADER = YES;
				GCC_PREFIX_HEADER = "Meal Wheel/Meal Wheel-Prefix.pch";
				INFOPLIST_FILE = "Meal Wheel/Meal Wheel-Info.plist";
				PRODUCT_NAME = "$(TARGET_NAME)";
				WRAPPER_EXTENSION = app;
			};
			name = Debug;
		};
		FD638DBF1811CC7300B07D0A /* Release */ = {
			isa = XCBuildConfiguration;
			buildSettings = {
				ASSETCATALOG_COMPILER_APPICON_NAME = AppIcon;
				ASSETCATALOG_COMPILER_LAUNCHIMAGE_NAME = LaunchImage;
				GCC_PRECOMPILE_PREFIX_HEADER = YES;
				GCC_PREFIX_HEADER = "Meal Wheel/Meal Wheel-Prefix.pch";
				INFOPLIST_FILE = "Meal Wheel/Meal Wheel-Info.plist";
				PRODUCT_NAME = "$(TARGET_NAME)";
				WRAPPER_EXTENSION = app;
			};
			name = Release;
		};
		FD638DC11811CC7300B07D0A /* Debug */ = {
			isa = XCBuildConfiguration;
			buildSettings = {
				ARCHS = "$(ARCHS_STANDARD_INCLUDING_64_BIT)";
				BUNDLE_LOADER = "$(BUILT_PRODUCTS_DIR)/Meal Wheel.app/Meal Wheel";
				FRAMEWORK_SEARCH_PATHS = (
					"$(SDKROOT)/Developer/Library/Frameworks",
					"$(inherited)",
					"$(DEVELOPER_FRAMEWORKS_DIR)",
				);
				GCC_PRECOMPILE_PREFIX_HEADER = YES;
				GCC_PREFIX_HEADER = "Meal Wheel/Meal Wheel-Prefix.pch";
				GCC_PREPROCESSOR_DEFINITIONS = (
					"DEBUG=1",
					"$(inherited)",
				);
				INFOPLIST_FILE = "Meal WheelTests/Meal WheelTests-Info.plist";
				PRODUCT_NAME = "$(TARGET_NAME)";
				TEST_HOST = "$(BUNDLE_LOADER)";
				WRAPPER_EXTENSION = xctest;
			};
			name = Debug;
		};
		FD638DC21811CC7300B07D0A /* Release */ = {
			isa = XCBuildConfiguration;
			buildSettings = {
				ARCHS = "$(ARCHS_STANDARD_INCLUDING_64_BIT)";
				BUNDLE_LOADER = "$(BUILT_PRODUCTS_DIR)/Meal Wheel.app/Meal Wheel";
				FRAMEWORK_SEARCH_PATHS = (
					"$(SDKROOT)/Developer/Library/Frameworks",
					"$(inherited)",
					"$(DEVELOPER_FRAMEWORKS_DIR)",
				);
				GCC_PRECOMPILE_PREFIX_HEADER = YES;
				GCC_PREFIX_HEADER = "Meal Wheel/Meal Wheel-Prefix.pch";
				INFOPLIST_FILE = "Meal WheelTests/Meal WheelTests-Info.plist";
				PRODUCT_NAME = "$(TARGET_NAME)";
				TEST_HOST = "$(BUNDLE_LOADER)";
				WRAPPER_EXTENSION = xctest;
			};
			name = Release;
		};
/* End XCBuildConfiguration section */

/* Begin XCConfigurationList section */
		FD638D861811CC7200B07D0A /* Build configuration list for PBXProject "Meal Wheel" */ = {
			isa = XCConfigurationList;
			buildConfigurations = (
				FD638DBB1811CC7300B07D0A /* Debug */,
				FD638DBC1811CC7300B07D0A /* Release */,
			);
			defaultConfigurationIsVisible = 0;
			defaultConfigurationName = Release;
		};
		FD638DBD1811CC7300B07D0A /* Build configuration list for PBXNativeTarget "Meal Wheel" */ = {
			isa = XCConfigurationList;
			buildConfigurations = (
				FD638DBE1811CC7300B07D0A /* Debug */,
				FD638DBF1811CC7300B07D0A /* Release */,
			);
			defaultConfigurationIsVisible = 0;
		};
		FD638DC01811CC7300B07D0A /* Build configuration list for PBXNativeTarget "Meal WheelTests" */ = {
			isa = XCConfigurationList;
			buildConfigurations = (
				FD638DC11811CC7300B07D0A /* Debug */,
				FD638DC21811CC7300B07D0A /* Release */,
			);
			defaultConfigurationIsVisible = 0;
		};
/* End XCConfigurationList section */
	};
	rootObject = FD638D831811CC7200B07D0A /* Project object */;
}
